// !$*UTF8*$!
{
	archiveVersion = 1;
	classes = {
	};
	objectVersion = 46;
	objects = {

/* Begin PBXBuildFile section */
		AE05515F1DB0B6FF0097BC74 /* PresentedViewController.m in Sources */ = {isa = PBXBuildFile; fileRef = AE05515D1DB0B6FF0097BC74 /* PresentedViewController.m */; };
		AE0551601DB0B6FF0097BC74 /* PresentedViewController.xib in Resources */ = {isa = PBXBuildFile; fileRef = AE05515E1DB0B6FF0097BC74 /* PresentedViewController.xib */; };
		AE0551631DB0BE5D0097BC74 /* CustomPresentationController.m in Sources */ = {isa = PBXBuildFile; fileRef = AE0551621DB0BE5D0097BC74 /* CustomPresentationController.m */; };
		AEE9BB361DAF81310071395A /* main.m in Sources */ = {isa = PBXBuildFile; fileRef = AEE9BB351DAF81310071395A /* main.m */; };
		AEE9BB391DAF81310071395A /* AppDelegate.m in Sources */ = {isa = PBXBuildFile; fileRef = AEE9BB381DAF81310071395A /* AppDelegate.m */; };
		AEE9BB3F1DAF81310071395A /* Main.storyboard in Resources */ = {isa = PBXBuildFile; fileRef = AEE9BB3D1DAF81310071395A /* Main.storyboard */; };
		AEE9BB411DAF81310071395A /* Assets.xcassets in Resources */ = {isa = PBXBuildFile; fileRef = AEE9BB401DAF81310071395A /* Assets.xcassets */; };
		AEE9BB441DAF81310071395A /* LaunchScreen.storyboard in Resources */ = {isa = PBXBuildFile; fileRef = AEE9BB421DAF81310071395A /* LaunchScreen.storyboard */; };
		AEE9BB4D1DAF81790071395A /* PresentingViewController.m in Sources */ = {isa = PBXBuildFile; fileRef = AEE9BB4C1DAF81790071395A /* PresentingViewController.m */; };
		AEE9BB5C1DAF83C00071395A /* CustomAnimatedTranstitioning.m in Sources */ = {isa = PBXBuildFile; fileRef = AEE9BB5B1DAF83C00071395A /* CustomAnimatedTranstitioning.m */; };
		AEE9BB5F1DAF84350071395A /* CustomTransitioningDelegate.m in Sources */ = {isa = PBXBuildFile; fileRef = AEE9BB5E1DAF84350071395A /* CustomTransitioningDelegate.m */; };
/* End PBXBuildFile section */

/* Begin PBXFileReference section */
		AE05515C1DB0B6FF0097BC74 /* PresentedViewController.h */ = {isa = PBXFileReference; fileEncoding = 4; lastKnownFileType = sourcecode.c.h; path = PresentedViewController.h; sourceTree = "<group>"; };
		AE05515D1DB0B6FF0097BC74 /* PresentedViewController.m */ = {isa = PBXFileReference; fileEncoding = 4; lastKnownFileType = sourcecode.c.objc; path = PresentedViewController.m; sourceTree = "<group>"; };
		AE05515E1DB0B6FF0097BC74 /* PresentedViewController.xib */ = {isa = PBXFileReference; fileEncoding = 4; lastKnownFileType = file.xib; path = PresentedViewController.xib; sourceTree = "<group>"; };
		AE0551611DB0BE5D0097BC74 /* CustomPresentationController.h */ = {isa = PBXFileReference; fileEncoding = 4; lastKnownFileType = sourcecode.c.h; path = CustomPresentationController.h; sourceTree = "<group>"; };
		AE0551621DB0BE5D0097BC74 /* CustomPresentationController.m */ = {isa = PBXFileReference; fileEncoding = 4; lastKnownFileType = sourcecode.c.objc; path = CustomPresentationController.m; sourceTree = "<group>"; };
		AEE9BB311DAF81310071395A /* TransitionAnimationDemo.app */ = {isa = PBXFileReference; explicitFileType = wrapper.application; includeInIndex = 0; path = TransitionAnimationDemo.app; sourceTree = BUILT_PRODUCTS_DIR; };
		AEE9BB351DAF81310071395A /* main.m */ = {isa = PBXFileReference; lastKnownFileType = sourcecode.c.objc; path = main.m; sourceTree = "<group>"; };
		AEE9BB371DAF81310071395A /* AppDelegate.h */ = {isa = PBXFileReference; lastKnownFileType = sourcecode.c.h; path = AppDelegate.h; sourceTree = "<group>"; };
		AEE9BB381DAF81310071395A /* AppDelegate.m */ = {isa = PBXFileReference; lastKnownFileType = sourcecode.c.objc; path = AppDelegate.m; sourceTree = "<group>"; };
		AEE9BB3E1DAF81310071395A /* Base */ = {isa = PBXFileReference; lastKnownFileType = file.storyboard; name = Base; path = Base.lproj/Main.storyboard; sourceTree = "<group>"; };
		AEE9BB401DAF81310071395A /* Assets.xcassets */ = {isa = PBXFileReference; lastKnownFileType = folder.assetcatalog; path = Assets.xcassets; sourceTree = "<group>"; };
		AEE9BB431DAF81310071395A /* Base */ = {isa = PBXFileReference; lastKnownFileType = file.storyboard; name = Base; path = Base.lproj/LaunchScreen.storyboard; sourceTree = "<group>"; };
		AEE9BB451DAF81310071395A /* Info.plist */ = {isa = PBXFileReference; lastKnownFileType = text.plist.xml; path = Info.plist; sourceTree = "<group>"; };
		AEE9BB4B1DAF81790071395A /* PresentingViewController.h */ = {isa = PBXFileReference; fileEncoding = 4; lastKnownFileType = sourcecode.c.h; path = PresentingViewController.h; sourceTree = "<group>"; };
		AEE9BB4C1DAF81790071395A /* PresentingViewController.m */ = {isa = PBXFileReference; fileEncoding = 4; lastKnownFileType = sourcecode.c.objc; path = PresentingViewController.m; sourceTree = "<group>"; };
		AEE9BB5A1DAF83C00071395A /* CustomAnimatedTranstitioning.h */ = {isa = PBXFileReference; fileEncoding = 4; lastKnownFileType = sourcecode.c.h; path = CustomAnimatedTranstitioning.h; sourceTree = "<group>"; };
		AEE9BB5B1DAF83C00071395A /* CustomAnimatedTranstitioning.m */ = {isa = PBXFileReference; fileEncoding = 4; lastKnownFileType = sourcecode.c.objc; path = CustomAnimatedTranstitioning.m; sourceTree = "<group>"; };
		AEE9BB5D1DAF84340071395A /* CustomTransitioningDelegate.h */ = {isa = PBXFileReference; fileEncoding = 4; lastKnownFileType = sourcecode.c.h; path = CustomTransitioningDelegate.h; sourceTree = "<group>"; };
		AEE9BB5E1DAF84350071395A /* CustomTransitioningDelegate.m */ = {isa = PBXFileReference; fileEncoding = 4; lastKnownFileType = sourcecode.c.objc; path = CustomTransitioningDelegate.m; sourceTree = "<group>"; };
/* End PBXFileReference section */

/* Begin PBXFrameworksBuildPhase section */
		AEE9BB2E1DAF81310071395A /* Frameworks */ = {
			isa = PBXFrameworksBuildPhase;
			buildActionMask = 2147483647;
			files = (
			);
			runOnlyForDeploymentPostprocessing = 0;
		};
/* End PBXFrameworksBuildPhase section */

/* Begin PBXGroup section */
		AEE9BB281DAF81310071395A = {
			isa = PBXGroup;
			children = (
				AEE9BB331DAF81310071395A /* TransitionAnimationDemo */,
				AEE9BB321DAF81310071395A /* Products */,
			);
			sourceTree = "<group>";
		};
		AEE9BB321DAF81310071395A /* Products */ = {
			isa = PBXGroup;
			children = (
				AEE9BB311DAF81310071395A /* TransitionAnimationDemo.app */,
			);
			name = Products;
			sourceTree = "<group>";
		};
		AEE9BB331DAF81310071395A /* TransitionAnimationDemo */ = {
			isa = PBXGroup;
			children = (
				AEE9BB591DAF83230071395A /* TransitionAnimation */,
				AEE9BB371DAF81310071395A /* AppDelegate.h */,
				AEE9BB381DAF81310071395A /* AppDelegate.m */,
				AEE9BB4B1DAF81790071395A /* PresentingViewController.h */,
				AEE9BB4C1DAF81790071395A /* PresentingViewController.m */,
				AE05515C1DB0B6FF0097BC74 /* PresentedViewController.h */,
				AE05515D1DB0B6FF0097BC74 /* PresentedViewController.m */,
				AE05515E1DB0B6FF0097BC74 /* PresentedViewController.xib */,
				AEE9BB3D1DAF81310071395A /* Main.storyboard */,
				AEE9BB401DAF81310071395A /* Assets.xcassets */,
				AEE9BB421DAF81310071395A /* LaunchScreen.storyboard */,
				AEE9BB451DAF81310071395A /* Info.plist */,
				AEE9BB341DAF81310071395A /* Supporting Files */,
			);
			path = TransitionAnimationDemo;
			sourceTree = "<group>";
		};
		AEE9BB341DAF81310071395A /* Supporting Files */ = {
			isa = PBXGroup;
			children = (
				AEE9BB351DAF81310071395A /* main.m */,
			);
			name = "Supporting Files";
			sourceTree = "<group>";
		};
		AEE9BB591DAF83230071395A /* TransitionAnimation */ = {
			isa = PBXGroup;
			children = (
				AEE9BB5D1DAF84340071395A /* CustomTransitioningDelegate.h */,
				AEE9BB5E1DAF84350071395A /* CustomTransitioningDelegate.m */,
				AEE9BB5A1DAF83C00071395A /* CustomAnimatedTranstitioning.h */,
				AEE9BB5B1DAF83C00071395A /* CustomAnimatedTranstitioning.m */,
				AE0551611DB0BE5D0097BC74 /* CustomPresentationController.h */,
				AE0551621DB0BE5D0097BC74 /* CustomPresentationController.m */,
			);
			path = TransitionAnimation;
			sourceTree = "<group>";
		};
/* End PBXGroup section */

/* Begin PBXNativeTarget section */
		AEE9BB301DAF81310071395A /* TransitionAnimationDemo */ = {
			isa = PBXNativeTarget;
			buildConfigurationList = AEE9BB481DAF81310071395A /* Build configuration list for PBXNativeTarget "TransitionAnimationDemo" */;
			buildPhases = (
				AEE9BB2D1DAF81310071395A /* Sources */,
				AEE9BB2E1DAF81310071395A /* Frameworks */,
				AEE9BB2F1DAF81310071395A /* Resources */,
			);
			buildRules = (
			);
			dependencies = (
			);
			name = TransitionAnimationDemo;
			productName = TransitionAnimationDemo;
			productReference = AEE9BB311DAF81310071395A /* TransitionAnimationDemo.app */;
			productType = "com.apple.product-type.application";
		};
/* End PBXNativeTarget section */

/* Begin PBXProject section */
		AEE9BB291DAF81310071395A /* Project object */ = {
			isa = PBXProject;
			attributes = {
				LastUpgradeCheck = 0730;
				ORGANIZATIONNAME = XiaoYiPeng;
				TargetAttributes = {
					AEE9BB301DAF81310071395A = {
						CreatedOnToolsVersion = 7.3.1;
					};
				};
			};
			buildConfigurationList = AEE9BB2C1DAF81310071395A /* Build configuration list for PBXProject "TransitionAnimationDemo" */;
			compatibilityVersion = "Xcode 3.2";
			developmentRegion = English;
			hasScannedForEncodings = 0;
			knownRegions = (
				en,
				Base,
			);
			mainGroup = AEE9BB281DAF81310071395A;
			productRefGroup = AEE9BB321DAF81310071395A /* Products */;
			projectDirPath = "";
			projectRoot = "";
			targets = (
				AEE9BB301DAF81310071395A /* TransitionAnimationDemo */,
			);
		};
/* End PBXProject section */

/* Begin PBXResourcesBuildPhase section */
		AEE9BB2F1DAF81310071395A /* Resources */ = {
			isa = PBXResourcesBuildPhase;
			buildActionMask = 2147483647;
			files = (
				AEE9BB441DAF81310071395A /* LaunchScreen.storyboard in Resources */,
				AE0551601DB0B6FF0097BC74 /* PresentedViewController.xib in Resources */,
				AEE9BB411DAF81310071395A /* Assets.xcassets in Resources */,
				AEE9BB3F1DAF81310071395A /* Main.storyboard in Resources */,
			);
			runOnlyForDeploymentPostprocessing = 0;
		};
/* End PBXResourcesBuildPhase section */

/* Begin PBXSourcesBuildPhase section */
		AEE9BB2D1DAF81310071395A /* Sources */ = {
			isa = PBXSourcesBuildPhase;
			buildActionMask = 2147483647;
			files = (
				AE0551631DB0BE5D0097BC74 /* CustomPresentationController.m in Sources */,
				AEE9BB4D1DAF81790071395A /* PresentingViewController.m in Sources */,
				AEE9BB391DAF81310071395A /* AppDelegate.m in Sources */,
				AEE9BB361DAF81310071395A /* main.m in Sources */,
				AE05515F1DB0B6FF0097BC74 /* PresentedViewController.m in Sources */,
				AEE9BB5C1DAF83C00071395A /* CustomAnimatedTranstitioning.m in Sources */,
				AEE9BB5F1DAF84350071395A /* CustomTransitioningDelegate.m in Sources */,
			);
			runOnlyForDeploymentPostprocessing = 0;
		};
/* End PBXSourcesBuildPhase section */

/* Begin PBXVariantGroup section */
		AEE9BB3D1DAF81310071395A /* Main.storyboard */ = {
			isa = PBXVariantGroup;
			children = (
				AEE9BB3E1DAF81310071395A /* Base */,
			);
			name = Main.storyboard;
			sourceTree = "<group>";
		};
		AEE9BB421DAF81310071395A /* LaunchScreen.storyboard */ = {
			isa = PBXVariantGroup;
			children = (
				AEE9BB431DAF81310071395A /* Base */,
			);
			name = LaunchScreen.storyboard;
			sourceTree = "<group>";
		};
/* End PBXVariantGroup section */

/* Begin XCBuildConfiguration section */
		AEE9BB461DAF81310071395A /* Debug */ = {
			isa = XCBuildConfiguration;
			buildSettings = {
				ALWAYS_SEARCH_USER_PATHS = NO;
				CLANG_ANALYZER_NONNULL = YES;
				CLANG_CXX_LANGUAGE_STANDARD = "gnu++0x";
				CLANG_CXX_LIBRARY = "libc++";
				CLANG_ENABLE_MODULES = YES;
				CLANG_ENABLE_OBJC_ARC = YES;
				CLANG_WARN_BOOL_CONVERSION = YES;
				CLANG_WARN_CONSTANT_CONVERSION = YES;
				CLANG_WARN_DIRECT_OBJC_ISA_USAGE = YES_ERROR;
				CLANG_WARN_EMPTY_BODY = YES;
				CLANG_WARN_ENUM_CONVERSION = YES;
				CLANG_WARN_INT_CONVERSION = YES;
				CLANG_WARN_OBJC_ROOT_CLASS = YES_ERROR;
				CLANG_WARN_UNREACHABLE_CODE = YES;
				CLANG_WARN__DUPLICATE_METHOD_MATCH = YES;
				"CODE_SIGN_IDENTITY[sdk=iphoneos*]" = "iPhone Developer";
				COPY_PHASE_STRIP = NO;
				DEBUG_INFORMATION_FORMAT = dwarf;
				ENABLE_STRICT_OBJC_MSGSEND = YES;
				ENABLE_TESTABILITY = YES;
				GCC_C_LANGUAGE_STANDARD = gnu99;
				GCC_DYNAMIC_NO_PIC = NO;
				GCC_NO_COMMON_BLOCKS = YES;
				GCC_OPTIMIZATION_LEVEL = 0;
				GCC_PREPROCESSOR_DEFINITIONS = (
					"DEBUG=1",
					"$(inherited)",
				);
				GCC_WARN_64_TO_32_BIT_CONVERSION = YES;
				GCC_WARN_ABOUT_RETURN_TYPE = YES_ERROR;
				GCC_WARN_UNDECLARED_SELECTOR = YES;
				GCC_WARN_UNINITIALIZED_AUTOS = YES_AGGRESSIVE;
				GCC_WARN_UNUSED_FUNCTION = YES;
				GCC_WARN_UNUSED_VARIABLE = YES;
				IPHONEOS_DEPLOYMENT_TARGET = 9.3;
				MTL_ENABLE_DEBUG_INFO = YES;
				ONLY_ACTIVE_ARCH = YES;
				SDKROOT = iphoneos;
			};
			name = Debug;
		};
		AEE9BB471DAF81310071395A /* Release */ = {
			isa = XCBuildConfiguration;
			buildSettings = {
				ALWAYS_SEARCH_USER_PATHS = NO;
				CLANG_ANALYZER_NONNULL = YES;
				CLANG_CXX_LANGUAGE_STANDARD = "gnu++0x";
				CLANG_CXX_LIBRARY = "libc++";
				CLANG_ENABLE_MODULES = YES;
				CLANG_ENABLE_OBJC_ARC = YES;
				CLANG_WARN_BOOL_CONVERSION = YES;
				CLANG_WARN_CONSTANT_CONVERSION = YES;
				CLANG_WARN_DIRECT_OBJC_ISA_USAGE = YES_ERROR;
				CLANG_WARN_EMPTY_BODY = YES;
				CLANG_WARN_ENUM_CONVERSION = YES;
				CLANG_WARN_INT_CONVERSION = YES;
				CLANG_WARN_OBJC_ROOT_CLASS = YES_ERROR;
				CLANG_WARN_UNREACHABLE_CODE = YES;
				CLANG_WARN__DUPLICATE_METHOD_MATCH = YES;
				"CODE_SIGN_IDENTITY[sdk=iphoneos*]" = "iPhone Developer";
				COPY_PHASE_STRIP = NO;
				DEBUG_INFORMATION_FORMAT = "dwarf-with-dsym";
				ENABLE_NS_ASSERTIONS = NO;
				ENABLE_STRICT_OBJC_MSGSEND = YES;
				GCC_C_LANGUAGE_STANDARD = gnu99;
				GCC_NO_COMMON_BLOCKS = YES;
				GCC_WARN_64_TO_32_BIT_CONVERSION = YES;
				GCC_WARN_ABOUT_RETURN_TYPE = YES_ERROR;
				GCC_WARN_UNDECLARED_SELECTOR = YES;
				GCC_WARN_UNINITIALIZED_AUTOS = YES_AGGRESSIVE;
				GCC_WARN_UNUSED_FUNCTION = YES;
				GCC_WARN_UNUSED_VARIABLE = YES;
				IPHONEOS_DEPLOYMENT_TARGET = 9.3;
				MTL_ENABLE_DEBUG_INFO = NO;
				SDKROOT = iphoneos;
				VALIDATE_PRODUCT = YES;
			};
			name = Release;
		};
		AEE9BB491DAF81310071395A /* Debug */ = {
			isa = XCBuildConfiguration;
			buildSettings = {
				ASSETCATALOG_COMPILER_APPICON_NAME = AppIcon;
				CODE_SIGN_IDENTITY = "iPhone Developer";
				INFOPLIST_FILE = TransitionAnimationDemo/Info.plist;
				LD_RUNPATH_SEARCH_PATHS = "$(inherited) @executable_path/Frameworks";
				PRODUCT_BUNDLE_IDENTIFIER = com.xypng.TransitionAnimationDemo;
				PRODUCT_NAME = "$(TARGET_NAME)";
			};
			name = Debug;
		};
		AEE9BB4A1DAF81310071395A /* Release */ = {
			isa = XCBuildConfiguration;
			buildSettings = {
				ASSETCATALOG_COMPILER_APPICON_NAME = AppIcon;
				CODE_SIGN_IDENTITY = "iPhone Developer";
				INFOPLIST_FILE = TransitionAnimationDemo/Info.plist;
				LD_RUNPATH_SEARCH_PATHS = "$(inherited) @executable_path/Frameworks";
				PRODUCT_BUNDLE_IDENTIFIER = com.xypng.TransitionAnimationDemo;
				PRODUCT_NAME = "$(TARGET_NAME)";
			};
			name = Release;
		};
/* End XCBuildConfiguration section */

/* Begin XCConfigurationList section */
		AEE9BB2C1DAF81310071395A /* Build configuration list for PBXProject "TransitionAnimationDemo" */ = {
			isa = XCConfigurationList;
			buildConfigurations = (
				AEE9BB461DAF81310071395A /* Debug */,
				AEE9BB471DAF81310071395A /* Release */,
			);
			defaultConfigurationIsVisible = 0;
			defaultConfigurationName = Release;
		};
		AEE9BB481DAF81310071395A /* Build configuration list for PBXNativeTarget "TransitionAnimationDemo" */ = {
			isa = XCConfigurationList;
			buildConfigurations = (
				AEE9BB491DAF81310071395A /* Debug */,
				AEE9BB4A1DAF81310071395A /* Release */,
			);
			defaultConfigurationIsVisible = 0;
			defaultConfigurationName = Release;
		};
/* End XCConfigurationList section */
	};
	rootObject = AEE9BB291DAF81310071395A /* Project object */;
}
